
Microsoft Visual Studio Solution File, Format Version 12.00
# Visual Studio Version 16
VisualStudioVersion = 16.0.30204.135
MinimumVisualStudioVersion = 10.0.40219.1
Project("{FAE04EC0-301F-11D3-BF4B-00C04F79EFBC}") = "HomeWork", "HomeWork\HomeWork.csproj", "{D45599A2-489C-420D-B91B-3E372D8DF7C9}"
EndProject
Global
	GlobalSection(SolutionConfigurationPlatforms) = preSolution
		Debug|Any CPU = Debug|Any CPU
		Release|Any CPU = Release|Any CPU
	EndGlobalSection
	GlobalSection(ProjectConfigurationPlatforms) = postSolution
		{D45599A2-489C-420D-B91B-3E372D8DF7C9}.Debug|Any CPU.ActiveCfg = Debug|Any CPU
		{D45599A2-489C-420D-B91B-3E372D8DF7C9}.Debug|Any CPU.Build.0 = Debug|Any CPU
		{D45599A2-489C-420D-B91B-3E372D8DF7C9}.Release|Any CPU.ActiveCfg = Release|Any CPU
		{D45599A2-489C-420D-B91B-3E372D8DF7C9}.Release|Any CPU.Build.0 = Release|Any CPU
	EndGlobalSection
	GlobalSection(SolutionProperties) = preSolution
		HideSolutionNode = FALSE
	EndGlobalSection
	GlobalSection(ExtensibilityGlobals) = postSolution
		SolutionGuid = {7FE2C736-3359-410B-8563-309E18A463B8}
	EndGlobalSection
EndGlobal
